<?xml version="1.0" encoding="utf-8"?>
<Project ToolsVersion="4.0" xmlns="http://schemas.microsoft.com/developer/msbuild/2003">
  <ItemGroup>
    <ClCompile Include="dllmain.c" />
    <ClCompile Include="main.cpp" />
    <ClCompile Include="Hooks.cpp" />
    <ClCompile Include="Conditions.cpp" />
    <ClCompile Include="Config.cpp" />
    <ClCompile Include="Core.cpp" />
    <ClCompile Include="..\obse\obse_common\SafeWrite.cpp">
      <Filter>obse</Filter>
    </ClCompile>
    <ClCompile Include="..\obse\obse\GameActorValues.cpp">
      <Filter>obse</Filter>
    </ClCompile>
    <ClCompile Include="..\obse\obse\GameAPI.cpp">
      <Filter>obse</Filter>
    </ClCompile>
    <ClCompile Include="..\obse\obse\GameBSExtraData.cpp">
      <Filter>obse</Filter>
    </ClCompile>
    <ClCompile Include="..\obse\obse\GameData.cpp">
      <Filter>obse</Filter>
    </ClCompile>
    <ClCompile Include="..\obse\obse\GameExtraData.cpp">
      <Filter>obse</Filter>
    </ClCompile>
    <ClCompile Include="..\obse\obse\GameForms.cpp">
      <Filter>obse</Filter>
    </ClCompile>
    <ClCompile Include="..\obse\obse\GameObjects.cpp">
      <Filter>obse</Filter>
    </ClCompile>
    <ClCompile Include="..\obse\obse\GameProcess.cpp">
      <Filter>obse</Filter>
    </ClCompile>
    <ClCompile Include="..\obse\obse\GameTasks.cpp">
      <Filter>obse</Filter>
    </ClCompile>
    <ClCompile Include="..\obse\obse\GameTypes.cpp">
      <Filter>obse</Filter>
    </ClCompile>
    <ClCompile Include="..\obse\obse\NiAPI.cpp">
      <Filter>obse</Filter>
    </ClCompile>
    <ClCompile Include="..\obse\obse\NiControllers.cpp">
      <Filter>obse</Filter>
    </ClCompile>
    <ClCompile Include="..\obse\obse\NiExtraData.cpp">
      <Filter>obse</Filter>
    </ClCompile>
    <ClCompile Include="..\obse\obse\NiGeometry.cpp">
      <Filter>obse</Filter>
    </ClCompile>
    <ClCompile Include="..\obse\obse\NiNodes.cpp">
      <Filter>obse</Filter>
    </ClCompile>
    <ClCompile Include="..\obse\obse\NiObjects.cpp">
      <Filter>obse</Filter>
    </ClCompile>
    <ClCompile Include="..\obse\obse\Utilities.cpp">
      <Filter>obse</Filter>
    </ClCompile>
    <ClCompile Include="..\obse\obse\Script.cpp">
      <Filter>obse</Filter>
    </ClCompile>
  </ItemGroup>
  <ItemGroup>
    <None Include="exports.def" />
  </ItemGroup>
  <ItemGroup>
    <ClInclude Include="Hooks.h" />
    <ClInclude Include="lib\simpleINI.hpp">
      <Filter>lib</Filter>
    </ClInclude>
    <ClInclude Include="Conditions.h" />
    <ClInclude Include="Config.h" />
    <ClInclude Include="Core.h" />
    <ClInclude Include="..\obse\obse_common\SafeWrite.h">
      <Filter>obse</Filter>
    </ClInclude>
    <ClInclude Include="..\obse\obse\GameActorValues.h">
      <Filter>obse</Filter>
    </ClInclude>
    <ClInclude Include="..\obse\obse\GameAPI.h">
      <Filter>obse</Filter>
    </ClInclude>
    <ClInclude Include="..\obse\obse\GameBSExtraData.h">
      <Filter>obse</Filter>
    </ClInclude>
    <ClInclude Include="..\obse\obse\GameData.h">
      <Filter>obse</Filter>
    </ClInclude>
    <ClInclude Include="..\obse\obse\GameExtraData.h">
      <Filter>obse</Filter>
    </ClInclude>
    <ClInclude Include="..\obse\obse\GameForms.h">
      <Filter>obse</Filter>
    </ClInclude>
    <ClInclude Include="..\obse\obse\GameObjects.h">
      <Filter>obse</Filter>
    </ClInclude>
    <ClInclude Include="..\obse\obse\GameProcess.h">
      <Filter>obse</Filter>
    </ClInclude>
    <ClInclude Include="..\obse\obse\GameTasks.h">
      <Filter>obse</Filter>
    </ClInclude>
    <ClInclude Include="..\obse\obse\GameTypes.h">
      <Filter>obse</Filter>
    </ClInclude>
    <ClInclude Include="..\obse\obse\NiAPI.h">
      <Filter>obse</Filter>
    </ClInclude>
    <ClInclude Include="..\obse\obse\NiControllers.h">
      <Filter>obse</Filter>
    </ClInclude>
    <ClInclude Include="..\obse\obse\NiExtraData.h">
      <Filter>obse</Filter>
    </ClInclude>
    <ClInclude Include="..\obse\obse\NiGeometry.h">
      <Filter>obse</Filter>
    </ClInclude>
    <ClInclude Include="..\obse\obse\NiNodes.h">
      <Filter>obse</Filter>
    </ClInclude>
    <ClInclude Include="..\obse\obse\NiObjects.h">
      <Filter>obse</Filter>
    </ClInclude>
    <ClInclude Include="..\obse\obse\Utilities.h">
      <Filter>obse</Filter>
    </ClInclude>
    <ClInclude Include="..\obse\obse\Script.h">
      <Filter>obse</Filter>
    </ClInclude>
  </ItemGroup>
  <ItemGroup>
    <Filter Include="lib">
      <UniqueIdentifier>{afb78e08-30bf-4f6b-b0c8-050003352277}</UniqueIdentifier>
    </Filter>
    <Filter Include="obse">
      <UniqueIdentifier>{5ca8c417-6c59-4f99-8c6c-64aec61ea009}</UniqueIdentifier>
    </Filter>
  </ItemGroup>
</Project>